// !$*UTF8*$!
{
	archiveVersion = 1;
	classes = {
	};
	objectVersion = 46;
	objects = {

/* Begin PBXBuildFile section */
		046479DD20EF11E900A17C19 /* ImageDownloadHandle.m in Sources */ = {isa = PBXBuildFile; fileRef = 046479DC20EF11E900A17C19 /* ImageDownloadHandle.m */; };
		046479E320EF1AFB00A17C19 /* HttpDownloadOperation.m in Sources */ = {isa = PBXBuildFile; fileRef = 046479E220EF1AFB00A17C19 /* HttpDownloadOperation.m */; };
		04A7758C20F453730092E9B6 /* DownloadOperationQueue.m in Sources */ = {isa = PBXBuildFile; fileRef = 04A7758B20F453730092E9B6 /* DownloadOperationQueue.m */; };
		6503BEDAC07F65C92B8E6B45 /* libPods-Task.a in Frameworks */ = {isa = PBXBuildFile; fileRef = E812FC78FBFFFBC6C3808889 /* libPods-Task.a */; };
		86AF782D1EFA660C00851BCA /* main.m in Sources */ = {isa = PBXBuildFile; fileRef = 86AF782C1EFA660C00851BCA /* main.m */; };
		86AF78301EFA660C00851BCA /* AppDelegate.m in Sources */ = {isa = PBXBuildFile; fileRef = 86AF782F1EFA660C00851BCA /* AppDelegate.m */; };
		86AF78331EFA660C00851BCA /* ViewController.m in Sources */ = {isa = PBXBuildFile; fileRef = 86AF78321EFA660C00851BCA /* ViewController.m */; };
		86AF78361EFA660C00851BCA /* Main.storyboard in Resources */ = {isa = PBXBuildFile; fileRef = 86AF78341EFA660C00851BCA /* Main.storyboard */; };
		86AF78381EFA660C00851BCA /* Assets.xcassets in Resources */ = {isa = PBXBuildFile; fileRef = 86AF78371EFA660C00851BCA /* Assets.xcassets */; };
		86AF783B1EFA660C00851BCA /* LaunchScreen.storyboard in Resources */ = {isa = PBXBuildFile; fileRef = 86AF78391EFA660C00851BCA /* LaunchScreen.storyboard */; };
		86AF78461EFA660D00851BCA /* TaskTests.m in Sources */ = {isa = PBXBuildFile; fileRef = 86AF78451EFA660D00851BCA /* TaskTests.m */; };
		86AF78511EFA660D00851BCA /* TaskUITests.m in Sources */ = {isa = PBXBuildFile; fileRef = 86AF78501EFA660D00851BCA /* TaskUITests.m */; };
		86AF78B31EFA673A00851BCA /* HttpDownloadTask_NetWorkErrorRetry.m in Sources */ = {isa = PBXBuildFile; fileRef = 86AF78A51EFA673A00851BCA /* HttpDownloadTask_NetWorkErrorRetry.m */; };
		86AF78B41EFA673A00851BCA /* HttpTask.m in Sources */ = {isa = PBXBuildFile; fileRef = 86AF78A71EFA673A00851BCA /* HttpTask.m */; };
		86AF78BC1EFA678D00851BCA /* HttpDownloadTask.m in Sources */ = {isa = PBXBuildFile; fileRef = 86AF78BB1EFA678D00851BCA /* HttpDownloadTask.m */; };
		86AF78C01EFA699F00851BCA /* AFNetworkingTool.m in Sources */ = {isa = PBXBuildFile; fileRef = 86AF78BF1EFA699F00851BCA /* AFNetworkingTool.m */; };
		86AF79921EFB533800851BCA /* SyncTaskQueue.m in Sources */ = {isa = PBXBuildFile; fileRef = 86AF798F1EFB533800851BCA /* SyncTaskQueue.m */; };
		86AF79931EFB533800851BCA /* STTask.m in Sources */ = {isa = PBXBuildFile; fileRef = 86AF79911EFB533800851BCA /* STTask.m */; };
		86AF79961EFB545B00851BCA /* HttpDownloadHandle.m in Sources */ = {isa = PBXBuildFile; fileRef = 86AF79951EFB545B00851BCA /* HttpDownloadHandle.m */; };
		86AF799C1EFB574C00851BCA /* SimpleHttpDownloadTask.m in Sources */ = {isa = PBXBuildFile; fileRef = 86AF799B1EFB574C00851BCA /* SimpleHttpDownloadTask.m */; };
		86AF79A81EFBAA3100851BCA /* STExecuteTask.m in Sources */ = {isa = PBXBuildFile; fileRef = 86AF79A71EFBAA3100851BCA /* STExecuteTask.m */; };
/* End PBXBuildFile section */

/* Begin PBXContainerItemProxy section */
		86AF78421EFA660D00851BCA /* PBXContainerItemProxy */ = {
			isa = PBXContainerItemProxy;
			containerPortal = 86AF78201EFA660C00851BCA /* Project object */;
			proxyType = 1;
			remoteGlobalIDString = 86AF78271EFA660C00851BCA;
			remoteInfo = Task;
		};
		86AF784D1EFA660D00851BCA /* PBXContainerItemProxy */ = {
			isa = PBXContainerItemProxy;
			containerPortal = 86AF78201EFA660C00851BCA /* Project object */;
			proxyType = 1;
			remoteGlobalIDString = 86AF78271EFA660C00851BCA;
			remoteInfo = Task;
		};
/* End PBXContainerItemProxy section */

/* Begin PBXFileReference section */
		046479DB20EF11E900A17C19 /* ImageDownloadHandle.h */ = {isa = PBXFileReference; lastKnownFileType = sourcecode.c.h; path = ImageDownloadHandle.h; sourceTree = "<group>"; };
		046479DC20EF11E900A17C19 /* ImageDownloadHandle.m */ = {isa = PBXFileReference; lastKnownFileType = sourcecode.c.objc; path = ImageDownloadHandle.m; sourceTree = "<group>"; };
		046479DE20EF12B300A17C19 /* DownLoadHandleProtocol.h */ = {isa = PBXFileReference; lastKnownFileType = sourcecode.c.h; path = DownLoadHandleProtocol.h; sourceTree = "<group>"; };
		046479E120EF1AFB00A17C19 /* HttpDownloadOperation.h */ = {isa = PBXFileReference; lastKnownFileType = sourcecode.c.h; path = HttpDownloadOperation.h; sourceTree = "<group>"; };
		046479E220EF1AFB00A17C19 /* HttpDownloadOperation.m */ = {isa = PBXFileReference; lastKnownFileType = sourcecode.c.objc; path = HttpDownloadOperation.m; sourceTree = "<group>"; };
		04A7758A20F453730092E9B6 /* DownloadOperationQueue.h */ = {isa = PBXFileReference; lastKnownFileType = sourcecode.c.h; path = DownloadOperationQueue.h; sourceTree = "<group>"; };
		04A7758B20F453730092E9B6 /* DownloadOperationQueue.m */ = {isa = PBXFileReference; lastKnownFileType = sourcecode.c.objc; path = DownloadOperationQueue.m; sourceTree = "<group>"; };
		3568DE712063E4BD61D2E2CB /* Pods-Task.debug.xcconfig */ = {isa = PBXFileReference; includeInIndex = 1; lastKnownFileType = text.xcconfig; name = "Pods-Task.debug.xcconfig"; path = "Pods/Target Support Files/Pods-Task/Pods-Task.debug.xcconfig"; sourceTree = "<group>"; };
		67F6841AAAFF9484650039E9 /* Pods-Task.release.xcconfig */ = {isa = PBXFileReference; includeInIndex = 1; lastKnownFileType = text.xcconfig; name = "Pods-Task.release.xcconfig"; path = "Pods/Target Support Files/Pods-Task/Pods-Task.release.xcconfig"; sourceTree = "<group>"; };
		86AF78281EFA660C00851BCA /* Task.app */ = {isa = PBXFileReference; explicitFileType = wrapper.application; includeInIndex = 0; path = Task.app; sourceTree = BUILT_PRODUCTS_DIR; };
		86AF782C1EFA660C00851BCA /* main.m */ = {isa = PBXFileReference; lastKnownFileType = sourcecode.c.objc; path = main.m; sourceTree = "<group>"; };
		86AF782E1EFA660C00851BCA /* AppDelegate.h */ = {isa = PBXFileReference; lastKnownFileType = sourcecode.c.h; path = AppDelegate.h; sourceTree = "<group>"; };
		86AF782F1EFA660C00851BCA /* AppDelegate.m */ = {isa = PBXFileReference; lastKnownFileType = sourcecode.c.objc; path = AppDelegate.m; sourceTree = "<group>"; };
		86AF78311EFA660C00851BCA /* ViewController.h */ = {isa = PBXFileReference; lastKnownFileType = sourcecode.c.h; path = ViewController.h; sourceTree = "<group>"; };
		86AF78321EFA660C00851BCA /* ViewController.m */ = {isa = PBXFileReference; lastKnownFileType = sourcecode.c.objc; path = ViewController.m; sourceTree = "<group>"; };
		86AF78351EFA660C00851BCA /* Base */ = {isa = PBXFileReference; lastKnownFileType = file.storyboard; name = Base; path = Base.lproj/Main.storyboard; sourceTree = "<group>"; };
		86AF78371EFA660C00851BCA /* Assets.xcassets */ = {isa = PBXFileReference; lastKnownFileType = folder.assetcatalog; path = Assets.xcassets; sourceTree = "<group>"; };
		86AF783A1EFA660C00851BCA /* Base */ = {isa = PBXFileReference; lastKnownFileType = file.storyboard; name = Base; path = Base.lproj/LaunchScreen.storyboard; sourceTree = "<group>"; };
		86AF783C1EFA660C00851BCA /* Info.plist */ = {isa = PBXFileReference; lastKnownFileType = text.plist.xml; path = Info.plist; sourceTree = "<group>"; };
		86AF78411EFA660C00851BCA /* TaskTests.xctest */ = {isa = PBXFileReference; explicitFileType = wrapper.cfbundle; includeInIndex = 0; path = TaskTests.xctest; sourceTree = BUILT_PRODUCTS_DIR; };
		86AF78451EFA660D00851BCA /* TaskTests.m */ = {isa = PBXFileReference; lastKnownFileType = sourcecode.c.objc; path = TaskTests.m; sourceTree = "<group>"; };
		86AF78471EFA660D00851BCA /* Info.plist */ = {isa = PBXFileReference; lastKnownFileType = text.plist.xml; path = Info.plist; sourceTree = "<group>"; };
		86AF784C1EFA660D00851BCA /* TaskUITests.xctest */ = {isa = PBXFileReference; explicitFileType = wrapper.cfbundle; includeInIndex = 0; path = TaskUITests.xctest; sourceTree = BUILT_PRODUCTS_DIR; };
		86AF78501EFA660D00851BCA /* TaskUITests.m */ = {isa = PBXFileReference; lastKnownFileType = sourcecode.c.objc; path = TaskUITests.m; sourceTree = "<group>"; };
		86AF78521EFA660D00851BCA /* Info.plist */ = {isa = PBXFileReference; lastKnownFileType = text.plist.xml; path = Info.plist; sourceTree = "<group>"; };
		86AF78A41EFA673A00851BCA /* HttpDownloadTask_NetWorkErrorRetry.h */ = {isa = PBXFileReference; fileEncoding = 4; lastKnownFileType = sourcecode.c.h; path = HttpDownloadTask_NetWorkErrorRetry.h; sourceTree = "<group>"; };
		86AF78A51EFA673A00851BCA /* HttpDownloadTask_NetWorkErrorRetry.m */ = {isa = PBXFileReference; fileEncoding = 4; lastKnownFileType = sourcecode.c.objc; path = HttpDownloadTask_NetWorkErrorRetry.m; sourceTree = "<group>"; };
		86AF78A61EFA673A00851BCA /* HttpTask.h */ = {isa = PBXFileReference; fileEncoding = 4; lastKnownFileType = sourcecode.c.h; path = HttpTask.h; sourceTree = "<group>"; };
		86AF78A71EFA673A00851BCA /* HttpTask.m */ = {isa = PBXFileReference; fileEncoding = 4; lastKnownFileType = sourcecode.c.objc; path = HttpTask.m; sourceTree = "<group>"; };
		86AF78BA1EFA678D00851BCA /* HttpDownloadTask.h */ = {isa = PBXFileReference; fileEncoding = 4; lastKnownFileType = sourcecode.c.h; path = HttpDownloadTask.h; sourceTree = "<group>"; };
		86AF78BB1EFA678D00851BCA /* HttpDownloadTask.m */ = {isa = PBXFileReference; fileEncoding = 4; lastKnownFileType = sourcecode.c.objc; path = HttpDownloadTask.m; sourceTree = "<group>"; };
		86AF78BD1EFA67C500851BCA /* PrefixHeader.pch */ = {isa = PBXFileReference; lastKnownFileType = sourcecode.c.h; path = PrefixHeader.pch; sourceTree = "<group>"; };
		86AF78BE1EFA699F00851BCA /* AFNetworkingTool.h */ = {isa = PBXFileReference; fileEncoding = 4; lastKnownFileType = sourcecode.c.h; name = AFNetworkingTool.h; path = ../../AFNetworkingTool.h; sourceTree = "<group>"; };
		86AF78BF1EFA699F00851BCA /* AFNetworkingTool.m */ = {isa = PBXFileReference; fileEncoding = 4; lastKnownFileType = sourcecode.c.objc; name = AFNetworkingTool.m; path = ../../AFNetworkingTool.m; sourceTree = "<group>"; };
		86AF798E1EFB533800851BCA /* SyncTaskQueue.h */ = {isa = PBXFileReference; fileEncoding = 4; lastKnownFileType = sourcecode.c.h; path = SyncTaskQueue.h; sourceTree = "<group>"; };
		86AF798F1EFB533800851BCA /* SyncTaskQueue.m */ = {isa = PBXFileReference; fileEncoding = 4; lastKnownFileType = sourcecode.c.objc; path = SyncTaskQueue.m; sourceTree = "<group>"; };
		86AF79901EFB533800851BCA /* STTask.h */ = {isa = PBXFileReference; fileEncoding = 4; lastKnownFileType = sourcecode.c.h; path = STTask.h; sourceTree = "<group>"; };
		86AF79911EFB533800851BCA /* STTask.m */ = {isa = PBXFileReference; fileEncoding = 4; lastKnownFileType = sourcecode.c.objc; path = STTask.m; sourceTree = "<group>"; };
		86AF79941EFB545B00851BCA /* HttpDownloadHandle.h */ = {isa = PBXFileReference; fileEncoding = 4; lastKnownFileType = sourcecode.c.h; path = HttpDownloadHandle.h; sourceTree = "<group>"; };
		86AF79951EFB545B00851BCA /* HttpDownloadHandle.m */ = {isa = PBXFileReference; fileEncoding = 4; lastKnownFileType = sourcecode.c.objc; path = HttpDownloadHandle.m; sourceTree = "<group>"; };
		86AF799A1EFB574C00851BCA /* SimpleHttpDownloadTask.h */ = {isa = PBXFileReference; fileEncoding = 4; lastKnownFileType = sourcecode.c.h; name = SimpleHttpDownloadTask.h; path = ../../SimpleHttpDownloadTask.h; sourceTree = "<group>"; };
		86AF799B1EFB574C00851BCA /* SimpleHttpDownloadTask.m */ = {isa = PBXFileReference; fileEncoding = 4; lastKnownFileType = sourcecode.c.objc; name = SimpleHttpDownloadTask.m; path = ../../SimpleHttpDownloadTask.m; sourceTree = "<group>"; };
		86AF79A61EFBAA3100851BCA /* STExecuteTask.h */ = {isa = PBXFileReference; fileEncoding = 4; lastKnownFileType = sourcecode.c.h; path = STExecuteTask.h; sourceTree = "<group>"; };
		86AF79A71EFBAA3100851BCA /* STExecuteTask.m */ = {isa = PBXFileReference; fileEncoding = 4; lastKnownFileType = sourcecode.c.objc; path = STExecuteTask.m; sourceTree = "<group>"; };
		E812FC78FBFFFBC6C3808889 /* libPods-Task.a */ = {isa = PBXFileReference; explicitFileType = archive.ar; includeInIndex = 0; path = "libPods-Task.a"; sourceTree = BUILT_PRODUCTS_DIR; };
/* End PBXFileReference section */

/* Begin PBXFrameworksBuildPhase section */
		86AF78251EFA660C00851BCA /* Frameworks */ = {
			isa = PBXFrameworksBuildPhase;
			buildActionMask = 2147483647;
			files = (
				6503BEDAC07F65C92B8E6B45 /* libPods-Task.a in Frameworks */,
			);
			runOnlyForDeploymentPostprocessing = 0;
		};
		86AF783E1EFA660C00851BCA /* Frameworks */ = {
			isa = PBXFrameworksBuildPhase;
			buildActionMask = 2147483647;
			files = (
			);
			runOnlyForDeploymentPostprocessing = 0;
		};
		86AF78491EFA660D00851BCA /* Frameworks */ = {
			isa = PBXFrameworksBuildPhase;
			buildActionMask = 2147483647;
			files = (
			);
			runOnlyForDeploymentPostprocessing = 0;
		};
/* End PBXFrameworksBuildPhase section */

/* Begin PBXGroup section */
		046479DA20EF11AE00A17C19 /* OperationQueue */ = {
			isa = PBXGroup;
			children = (
				046479DB20EF11E900A17C19 /* ImageDownloadHandle.h */,
				046479DC20EF11E900A17C19 /* ImageDownloadHandle.m */,
				046479E120EF1AFB00A17C19 /* HttpDownloadOperation.h */,
				046479E220EF1AFB00A17C19 /* HttpDownloadOperation.m */,
				04A7758A20F453730092E9B6 /* DownloadOperationQueue.h */,
				04A7758B20F453730092E9B6 /* DownloadOperationQueue.m */,
			);
			path = OperationQueue;
			sourceTree = "<group>";
		};
		5F821989F53746A06BB12125 /* Pods */ = {
			isa = PBXGroup;
			children = (
				3568DE712063E4BD61D2E2CB /* Pods-Task.debug.xcconfig */,
				67F6841AAAFF9484650039E9 /* Pods-Task.release.xcconfig */,
			);
			name = Pods;
			sourceTree = "<group>";
		};
		86AF781F1EFA660C00851BCA = {
			isa = PBXGroup;
			children = (
				86AF782A1EFA660C00851BCA /* Task */,
				86AF78441EFA660D00851BCA /* TaskTests */,
				86AF784F1EFA660D00851BCA /* TaskUITests */,
				86AF78291EFA660C00851BCA /* Products */,
				5F821989F53746A06BB12125 /* Pods */,
				CBB22B3C1A2F2B28EAEC9D5D /* Frameworks */,
			);
			sourceTree = "<group>";
		};
		86AF78291EFA660C00851BCA /* Products */ = {
			isa = PBXGroup;
			children = (
				86AF78281EFA660C00851BCA /* Task.app */,
				86AF78411EFA660C00851BCA /* TaskTests.xctest */,
				86AF784C1EFA660D00851BCA /* TaskUITests.xctest */,
			);
			name = Products;
			sourceTree = "<group>";
		};
		86AF782A1EFA660C00851BCA /* Task */ = {
			isa = PBXGroup;
			children = (
				046479DE20EF12B300A17C19 /* DownLoadHandleProtocol.h */,
				046479DA20EF11AE00A17C19 /* OperationQueue */,
				86AF782E1EFA660C00851BCA /* AppDelegate.h */,
				86AF782F1EFA660C00851BCA /* AppDelegate.m */,
				86AF78311EFA660C00851BCA /* ViewController.h */,
				86AF78321EFA660C00851BCA /* ViewController.m */,
				86AF79941EFB545B00851BCA /* HttpDownloadHandle.h */,
				86AF79951EFB545B00851BCA /* HttpDownloadHandle.m */,
				86AF798D1EFB533800851BCA /* SyncTaskQueue */,
				86AF78A21EFA673900851BCA /* TaskTools */,
				86AF78341EFA660C00851BCA /* Main.storyboard */,
				86AF78371EFA660C00851BCA /* Assets.xcassets */,
				86AF78391EFA660C00851BCA /* LaunchScreen.storyboard */,
				86AF783C1EFA660C00851BCA /* Info.plist */,
				86AF782B1EFA660C00851BCA /* Supporting Files */,
				86AF78BD1EFA67C500851BCA /* PrefixHeader.pch */,
			);
			path = Task;
			sourceTree = "<group>";
		};
		86AF782B1EFA660C00851BCA /* Supporting Files */ = {
			isa = PBXGroup;
			children = (
				86AF782C1EFA660C00851BCA /* main.m */,
			);
			name = "Supporting Files";
			sourceTree = "<group>";
		};
		86AF78441EFA660D00851BCA /* TaskTests */ = {
			isa = PBXGroup;
			children = (
				86AF78451EFA660D00851BCA /* TaskTests.m */,
				86AF78471EFA660D00851BCA /* Info.plist */,
			);
			path = TaskTests;
			sourceTree = "<group>";
		};
		86AF784F1EFA660D00851BCA /* TaskUITests */ = {
			isa = PBXGroup;
			children = (
				86AF78501EFA660D00851BCA /* TaskUITests.m */,
				86AF78521EFA660D00851BCA /* Info.plist */,
			);
			path = TaskUITests;
			sourceTree = "<group>";
		};
		86AF78A21EFA673900851BCA /* TaskTools */ = {
			isa = PBXGroup;
			children = (
				86AF78A31EFA673A00851BCA /* Http */,
			);
			path = TaskTools;
			sourceTree = "<group>";
		};
		86AF78A31EFA673A00851BCA /* Http */ = {
			isa = PBXGroup;
			children = (
				86AF78BE1EFA699F00851BCA /* AFNetworkingTool.h */,
				86AF78BF1EFA699F00851BCA /* AFNetworkingTool.m */,
				86AF78A61EFA673A00851BCA /* HttpTask.h */,
				86AF78A71EFA673A00851BCA /* HttpTask.m */,
				86AF78BA1EFA678D00851BCA /* HttpDownloadTask.h */,
				86AF78BB1EFA678D00851BCA /* HttpDownloadTask.m */,
				86AF78A41EFA673A00851BCA /* HttpDownloadTask_NetWorkErrorRetry.h */,
				86AF78A51EFA673A00851BCA /* HttpDownloadTask_NetWorkErrorRetry.m */,
				86AF799A1EFB574C00851BCA /* SimpleHttpDownloadTask.h */,
				86AF799B1EFB574C00851BCA /* SimpleHttpDownloadTask.m */,
			);
			path = Http;
			sourceTree = "<group>";
		};
		86AF798D1EFB533800851BCA /* SyncTaskQueue */ = {
			isa = PBXGroup;
			children = (
				86AF798E1EFB533800851BCA /* SyncTaskQueue.h */,
				86AF798F1EFB533800851BCA /* SyncTaskQueue.m */,
				86AF79901EFB533800851BCA /* STTask.h */,
				86AF79911EFB533800851BCA /* STTask.m */,
				86AF79A61EFBAA3100851BCA /* STExecuteTask.h */,
				86AF79A71EFBAA3100851BCA /* STExecuteTask.m */,
			);
			name = SyncTaskQueue;
			path = ../../SyncTaskQueue;
			sourceTree = "<group>";
		};
		CBB22B3C1A2F2B28EAEC9D5D /* Frameworks */ = {
			isa = PBXGroup;
			children = (
				E812FC78FBFFFBC6C3808889 /* libPods-Task.a */,
			);
			name = Frameworks;
			sourceTree = "<group>";
		};
/* End PBXGroup section */

/* Begin PBXNativeTarget section */
		86AF78271EFA660C00851BCA /* Task */ = {
			isa = PBXNativeTarget;
			buildConfigurationList = 86AF78551EFA660D00851BCA /* Build configuration list for PBXNativeTarget "Task" */;
			buildPhases = (
				DDB1F80D231F160540666FD9 /* [CP] Check Pods Manifest.lock */,
				86AF78241EFA660C00851BCA /* Sources */,
				86AF78251EFA660C00851BCA /* Frameworks */,
				86AF78261EFA660C00851BCA /* Resources */,
				01226A92E17E733AADA7CD0E /* [CP] Embed Pods Frameworks */,
				1034475009314506F2DFF9B4 /* [CP] Copy Pods Resources */,
			);
			buildRules = (
			);
			dependencies = (
			);
			name = Task;
			productName = Task;
			productReference = 86AF78281EFA660C00851BCA /* Task.app */;
			productType = "com.apple.product-type.application";
		};
		86AF78401EFA660C00851BCA /* TaskTests */ = {
			isa = PBXNativeTarget;
			buildConfigurationList = 86AF78581EFA660D00851BCA /* Build configuration list for PBXNativeTarget "TaskTests" */;
			buildPhases = (
				86AF783D1EFA660C00851BCA /* Sources */,
				86AF783E1EFA660C00851BCA /* Frameworks */,
				86AF783F1EFA660C00851BCA /* Resources */,
			);
			buildRules = (
			);
			dependencies = (
				86AF78431EFA660D00851BCA /* PBXTargetDependency */,
			);
			name = TaskTests;
			productName = TaskTests;
			productReference = 86AF78411EFA660C00851BCA /* TaskTests.xctest */;
			productType = "com.apple.product-type.bundle.unit-test";
		};
		86AF784B1EFA660D00851BCA /* TaskUITests */ = {
			isa = PBXNativeTarget;
			buildConfigurationList = 86AF785B1EFA660D00851BCA /* Build configuration list for PBXNativeTarget "TaskUITests" */;
			buildPhases = (
				86AF78481EFA660D00851BCA /* Sources */,
				86AF78491EFA660D00851BCA /* Frameworks */,
				86AF784A1EFA660D00851BCA /* Resources */,
			);
			buildRules = (
			);
			dependencies = (
				86AF784E1EFA660D00851BCA /* PBXTargetDependency */,
			);
			name = TaskUITests;
			productName = TaskUITests;
			productReference = 86AF784C1EFA660D00851BCA /* TaskUITests.xctest */;
			productType = "com.apple.product-type.bundle.ui-testing";
		};
/* End PBXNativeTarget section */

/* Begin PBXProject section */
		86AF78201EFA660C00851BCA /* Project object */ = {
			isa = PBXProject;
			attributes = {
				LastUpgradeCheck = 0830;
				ORGANIZATIONNAME = flamegrace;
				TargetAttributes = {
					86AF78271EFA660C00851BCA = {
						CreatedOnToolsVersion = 8.3.3;
						DevelopmentTeam = XCPX82Y35G;
						ProvisioningStyle = Automatic;
					};
					86AF78401EFA660C00851BCA = {
						CreatedOnToolsVersion = 8.3.3;
						DevelopmentTeam = PK25G5QCH4;
						ProvisioningStyle = Automatic;
						TestTargetID = 86AF78271EFA660C00851BCA;
					};
					86AF784B1EFA660D00851BCA = {
						CreatedOnToolsVersion = 8.3.3;
						DevelopmentTeam = PK25G5QCH4;
						ProvisioningStyle = Automatic;
						TestTargetID = 86AF78271EFA660C00851BCA;
					};
				};
			};
			buildConfigurationList = 86AF78231EFA660C00851BCA /* Build configuration list for PBXProject "Task" */;
			compatibilityVersion = "Xcode 3.2";
			developmentRegion = English;
			hasScannedForEncodings = 0;
			knownRegions = (
				en,
				Base,
			);
			mainGroup = 86AF781F1EFA660C00851BCA;
			productRefGroup = 86AF78291EFA660C00851BCA /* Products */;
			projectDirPath = "";
			projectRoot = "";
			targets = (
				86AF78271EFA660C00851BCA /* Task */,
				86AF78401EFA660C00851BCA /* TaskTests */,
				86AF784B1EFA660D00851BCA /* TaskUITests */,
			);
		};
/* End PBXProject section */

/* Begin PBXResourcesBuildPhase section */
		86AF78261EFA660C00851BCA /* Resources */ = {
			isa = PBXResourcesBuildPhase;
			buildActionMask = 2147483647;
			files = (
				86AF783B1EFA660C00851BCA /* LaunchScreen.storyboard in Resources */,
				86AF78381EFA660C00851BCA /* Assets.xcassets in Resources */,
				86AF78361EFA660C00851BCA /* Main.storyboard in Resources */,
			);
			runOnlyForDeploymentPostprocessing = 0;
		};
		86AF783F1EFA660C00851BCA /* Resources */ = {
			isa = PBXResourcesBuildPhase;
			buildActionMask = 2147483647;
			files = (
			);
			runOnlyForDeploymentPostprocessing = 0;
		};
		86AF784A1EFA660D00851BCA /* Resources */ = {
			isa = PBXResourcesBuildPhase;
			buildActionMask = 2147483647;
			files = (
			);
			runOnlyForDeploymentPostprocessing = 0;
		};
/* End PBXResourcesBuildPhase section */

/* Begin PBXShellScriptBuildPhase section */
		01226A92E17E733AADA7CD0E /* [CP] Embed Pods Frameworks */ = {
			isa = PBXShellScriptBuildPhase;
			buildActionMask = 2147483647;
			files = (
			);
			inputPaths = (
			);
			name = "[CP] Embed Pods Frameworks";
			outputPaths = (
			);
			runOnlyForDeploymentPostprocessing = 0;
			shellPath = /bin/sh;
			shellScript = "\"${SRCROOT}/Pods/Target Support Files/Pods-Task/Pods-Task-frameworks.sh\"\n";
			showEnvVarsInLog = 0;
		};
		1034475009314506F2DFF9B4 /* [CP] Copy Pods Resources */ = {
			isa = PBXShellScriptBuildPhase;
			buildActionMask = 2147483647;
			files = (
			);
			inputPaths = (
			);
			name = "[CP] Copy Pods Resources";
			outputPaths = (
			);
			runOnlyForDeploymentPostprocessing = 0;
			shellPath = /bin/sh;
			shellScript = "\"${SRCROOT}/Pods/Target Support Files/Pods-Task/Pods-Task-resources.sh\"\n";
			showEnvVarsInLog = 0;
		};
		DDB1F80D231F160540666FD9 /* [CP] Check Pods Manifest.lock */ = {
			isa = PBXShellScriptBuildPhase;
			buildActionMask = 2147483647;
			files = (
			);
			inputPaths = (
				"${PODS_PODFILE_DIR_PATH}/Podfile.lock",
				"${PODS_ROOT}/Manifest.lock",
			);
			name = "[CP] Check Pods Manifest.lock";
			outputPaths = (
				"$(DERIVED_FILE_DIR)/Pods-Task-checkManifestLockResult.txt",
			);
			runOnlyForDeploymentPostprocessing = 0;
			shellPath = /bin/sh;
			shellScript = "diff \"${PODS_PODFILE_DIR_PATH}/Podfile.lock\" \"${PODS_ROOT}/Manifest.lock\" > /dev/null\nif [ $? != 0 ] ; then\n    # print error to STDERR\n    echo \"error: The sandbox is not in sync with the Podfile.lock. Run 'pod install' or update your CocoaPods installation.\" >&2\n    exit 1\nfi\n# This output is used by Xcode 'outputs' to avoid re-running this script phase.\necho \"SUCCESS\" > \"${SCRIPT_OUTPUT_FILE_0}\"\n";
			showEnvVarsInLog = 0;
		};
/* End PBXShellScriptBuildPhase section */

/* Begin PBXSourcesBuildPhase section */
		86AF78241EFA660C00851BCA /* Sources */ = {
			isa = PBXSourcesBuildPhase;
			buildActionMask = 2147483647;
			files = (
				86AF799C1EFB574C00851BCA /* SimpleHttpDownloadTask.m in Sources */,
				04A7758C20F453730092E9B6 /* DownloadOperationQueue.m in Sources */,
				86AF78B31EFA673A00851BCA /* HttpDownloadTask_NetWorkErrorRetry.m in Sources */,
				86AF78C01EFA699F00851BCA /* AFNetworkingTool.m in Sources */,
				86AF78331EFA660C00851BCA /* ViewController.m in Sources */,
				86AF78B41EFA673A00851BCA /* HttpTask.m in Sources */,
				86AF79961EFB545B00851BCA /* HttpDownloadHandle.m in Sources */,
				86AF78301EFA660C00851BCA /* AppDelegate.m in Sources */,
				86AF78BC1EFA678D00851BCA /* HttpDownloadTask.m in Sources */,
				86AF782D1EFA660C00851BCA /* main.m in Sources */,
				86AF79931EFB533800851BCA /* STTask.m in Sources */,
				86AF79921EFB533800851BCA /* SyncTaskQueue.m in Sources */,
				046479E320EF1AFB00A17C19 /* HttpDownloadOperation.m in Sources */,
				86AF79A81EFBAA3100851BCA /* STExecuteTask.m in Sources */,
				046479DD20EF11E900A17C19 /* ImageDownloadHandle.m in Sources */,
			);
			runOnlyForDeploymentPostprocessing = 0;
		};
		86AF783D1EFA660C00851BCA /* Sources */ = {
			isa = PBXSourcesBuildPhase;
			buildActionMask = 2147483647;
			files = (
				86AF78461EFA660D00851BCA /* TaskTests.m in Sources */,
			);
			runOnlyForDeploymentPostprocessing = 0;
		};
		86AF78481EFA660D00851BCA /* Sources */ = {
			isa = PBXSourcesBuildPhase;
			buildActionMask = 2147483647;
			files = (
				86AF78511EFA660D00851BCA /* TaskUITests.m in Sources */,
			);
			runOnlyForDeploymentPostprocessing = 0;
		};
/* End PBXSourcesBuildPhase section */

/* Begin PBXTargetDependency section */
		86AF78431EFA660D00851BCA /* PBXTargetDependency */ = {
			isa = PBXTargetDependency;
			target = 86AF78271EFA660C00851BCA /* Task */;
			targetProxy = 86AF78421EFA660D00851BCA /* PBXContainerItemProxy */;
		};
		86AF784E1EFA660D00851BCA /* PBXTargetDependency */ = {
			isa = PBXTargetDependency;
			target = 86AF78271EFA660C00851BCA /* Task */;
			targetProxy = 86AF784D1EFA660D00851BCA /* PBXContainerItemProxy */;
		};
/* End PBXTargetDependency section */

/* Begin PBXVariantGroup section */
		86AF78341EFA660C00851BCA /* Main.storyboard */ = {
			isa = PBXVariantGroup;
			children = (
				86AF78351EFA660C00851BCA /* Base */,
			);
			name = Main.storyboard;
			sourceTree = "<group>";
		};
		86AF78391EFA660C00851BCA /* LaunchScreen.storyboard */ = {
			isa = PBXVariantGroup;
			children = (
				86AF783A1EFA660C00851BCA /* Base */,
			);
			name = LaunchScreen.storyboard;
			sourceTree = "<group>";
		};
/* End PBXVariantGroup section */

/* Begin XCBuildConfiguration section */
		86AF78531EFA660D00851BCA /* Debug */ = {
			isa = XCBuildConfiguration;
			buildSettings = {
				ALWAYS_SEARCH_USER_PATHS = NO;
				CLANG_ANALYZER_NONNULL = YES;
				CLANG_ANALYZER_NUMBER_OBJECT_CONVERSION = YES_AGGRESSIVE;
				CLANG_CXX_LANGUAGE_STANDARD = "gnu++0x";
				CLANG_CXX_LIBRARY = "libc++";
				CLANG_ENABLE_MODULES = YES;
				CLANG_ENABLE_OBJC_ARC = YES;
				CLANG_WARN_BOOL_CONVERSION = YES;
				CLANG_WARN_CONSTANT_CONVERSION = YES;
				CLANG_WARN_DIRECT_OBJC_ISA_USAGE = YES_ERROR;
				CLANG_WARN_DOCUMENTATION_COMMENTS = YES;
				CLANG_WARN_EMPTY_BODY = YES;
				CLANG_WARN_ENUM_CONVERSION = YES;
				CLANG_WARN_INFINITE_RECURSION = YES;
				CLANG_WARN_INT_CONVERSION = YES;
				CLANG_WARN_OBJC_ROOT_CLASS = YES_ERROR;
				CLANG_WARN_SUSPICIOUS_MOVE = YES;
				CLANG_WARN_UNREACHABLE_CODE = YES;
				CLANG_WARN__DUPLICATE_METHOD_MATCH = YES;
				"CODE_SIGN_IDENTITY[sdk=iphoneos*]" = "iPhone Developer";
				COPY_PHASE_STRIP = NO;
				DEBUG_INFORMATION_FORMAT = dwarf;
				ENABLE_STRICT_OBJC_MSGSEND = YES;
				ENABLE_TESTABILITY = YES;
				GCC_C_LANGUAGE_STANDARD = gnu99;
				GCC_DYNAMIC_NO_PIC = NO;
				GCC_NO_COMMON_BLOCKS = YES;
				GCC_OPTIMIZATION_LEVEL = 0;
				GCC_PREPROCESSOR_DEFINITIONS = (
					"DEBUG=1",
					"$(inherited)",
				);
				GCC_WARN_64_TO_32_BIT_CONVERSION = YES;
				GCC_WARN_ABOUT_RETURN_TYPE = YES_ERROR;
				GCC_WARN_UNDECLARED_SELECTOR = YES;
				GCC_WARN_UNINITIALIZED_AUTOS = YES_AGGRESSIVE;
				GCC_WARN_UNUSED_FUNCTION = YES;
				GCC_WARN_UNUSED_VARIABLE = YES;
				IPHONEOS_DEPLOYMENT_TARGET = 10.3;
				MTL_ENABLE_DEBUG_INFO = YES;
				ONLY_ACTIVE_ARCH = YES;
				SDKROOT = iphoneos;
			};
			name = Debug;
		};
		86AF78541EFA660D00851BCA /* Release */ = {
			isa = XCBuildConfiguration;
			buildSettings = {
				ALWAYS_SEARCH_USER_PATHS = NO;
				CLANG_ANALYZER_NONNULL = YES;
				CLANG_ANALYZER_NUMBER_OBJECT_CONVERSION = YES_AGGRESSIVE;
				CLANG_CXX_LANGUAGE_STANDARD = "gnu++0x";
				CLANG_CXX_LIBRARY = "libc++";
				CLANG_ENABLE_MODULES = YES;
				CLANG_ENABLE_OBJC_ARC = YES;
				CLANG_WARN_BOOL_CONVERSION = YES;
				CLANG_WARN_CONSTANT_CONVERSION = YES;
				CLANG_WARN_DIRECT_OBJC_ISA_USAGE = YES_ERROR;
				CLANG_WARN_DOCUMENTATION_COMMENTS = YES;
				CLANG_WARN_EMPTY_BODY = YES;
				CLANG_WARN_ENUM_CONVERSION = YES;
				CLANG_WARN_INFINITE_RECURSION = YES;
				CLANG_WARN_INT_CONVERSION = YES;
				CLANG_WARN_OBJC_ROOT_CLASS = YES_ERROR;
				CLANG_WARN_SUSPICIOUS_MOVE = YES;
				CLANG_WARN_UNREACHABLE_CODE = YES;
				CLANG_WARN__DUPLICATE_METHOD_MATCH = YES;
				"CODE_SIGN_IDENTITY[sdk=iphoneos*]" = "iPhone Developer";
				COPY_PHASE_STRIP = NO;
				DEBUG_INFORMATION_FORMAT = "dwarf-with-dsym";
				ENABLE_NS_ASSERTIONS = NO;
				ENABLE_STRICT_OBJC_MSGSEND = YES;
				GCC_C_LANGUAGE_STANDARD = gnu99;
				GCC_NO_COMMON_BLOCKS = YES;
				GCC_WARN_64_TO_32_BIT_CONVERSION = YES;
				GCC_WARN_ABOUT_RETURN_TYPE = YES_ERROR;
				GCC_WARN_UNDECLARED_SELECTOR = YES;
				GCC_WARN_UNINITIALIZED_AUTOS = YES_AGGRESSIVE;
				GCC_WARN_UNUSED_FUNCTION = YES;
				GCC_WARN_UNUSED_VARIABLE = YES;
				IPHONEOS_DEPLOYMENT_TARGET = 10.3;
				MTL_ENABLE_DEBUG_INFO = NO;
				SDKROOT = iphoneos;
				VALIDATE_PRODUCT = YES;
			};
			name = Release;
		};
		86AF78561EFA660D00851BCA /* Debug */ = {
			isa = XCBuildConfiguration;
			baseConfigurationReference = 3568DE712063E4BD61D2E2CB /* Pods-Task.debug.xcconfig */;
			buildSettings = {
				ASSETCATALOG_COMPILER_APPICON_NAME = AppIcon;
				DEVELOPMENT_TEAM = XCPX82Y35G;
				GCC_PREFIX_HEADER = $PROJECT_DIR/Task/PrefixHeader.pch;
				INFOPLIST_FILE = Task/Info.plist;
				LD_RUNPATH_SEARCH_PATHS = "$(inherited) @executable_path/Frameworks";
				PRODUCT_BUNDLE_IDENTIFIER = com.flamegrace.Task;
				PRODUCT_NAME = "$(TARGET_NAME)";
			};
			name = Debug;
		};
		86AF78571EFA660D00851BCA /* Release */ = {
			isa = XCBuildConfiguration;
			baseConfigurationReference = 67F6841AAAFF9484650039E9 /* Pods-Task.release.xcconfig */;
			buildSettings = {
				ASSETCATALOG_COMPILER_APPICON_NAME = AppIcon;
				DEVELOPMENT_TEAM = XCPX82Y35G;
				GCC_PREFIX_HEADER = $PROJECT_DIR/Task/PrefixHeader.pch;
				INFOPLIST_FILE = Task/Info.plist;
				LD_RUNPATH_SEARCH_PATHS = "$(inherited) @executable_path/Frameworks";
				PRODUCT_BUNDLE_IDENTIFIER = com.flamegrace.Task;
				PRODUCT_NAME = "$(TARGET_NAME)";
			};
			name = Release;
		};
		86AF78591EFA660D00851BCA /* Debug */ = {
			isa = XCBuildConfiguration;
			buildSettings = {
				BUNDLE_LOADER = "$(TEST_HOST)";
				DEVELOPMENT_TEAM = PK25G5QCH4;
				INFOPLIST_FILE = TaskTests/Info.plist;
				LD_RUNPATH_SEARCH_PATHS = "$(inherited) @executable_path/Frameworks @loader_path/Frameworks";
				PRODUCT_BUNDLE_IDENTIFIER = "li-com.flamegrace@hotmail.com.flamegrace.TaskTests";
				PRODUCT_NAME = "$(TARGET_NAME)";
				TEST_HOST = "$(BUILT_PRODUCTS_DIR)/Task.app/Task";
			};
			name = Debug;
		};
		86AF785A1EFA660D00851BCA /* Release */ = {
			isa = XCBuildConfiguration;
			buildSettings = {
				BUNDLE_LOADER = "$(TEST_HOST)";
				DEVELOPMENT_TEAM = PK25G5QCH4;
				INFOPLIST_FILE = TaskTests/Info.plist;
				LD_RUNPATH_SEARCH_PATHS = "$(inherited) @executable_path/Frameworks @loader_path/Frameworks";
				PRODUCT_BUNDLE_IDENTIFIER = "li-com.flamegrace@hotmail.com.flamegrace.TaskTests";
				PRODUCT_NAME = "$(TARGET_NAME)";
				TEST_HOST = "$(BUILT_PRODUCTS_DIR)/Task.app/Task";
			};
			name = Release;
		};
		86AF785C1EFA660D00851BCA /* Debug */ = {
			isa = XCBuildConfiguration;
			buildSettings = {
				DEVELOPMENT_TEAM = PK25G5QCH4;
				INFOPLIST_FILE = TaskUITests/Info.plist;
				LD_RUNPATH_SEARCH_PATHS = "$(inherited) @executable_path/Frameworks @loader_path/Frameworks";
				PRODUCT_BUNDLE_IDENTIFIER = "li-com.flamegrace@hotmail.com.flamegrace.TaskUITests";
				PRODUCT_NAME = "$(TARGET_NAME)";
				TEST_TARGET_NAME = Task;
			};
			name = Debug;
		};
		86AF785D1EFA660D00851BCA /* Release */ = {
			isa = XCBuildConfiguration;
			buildSettings = {
				DEVELOPMENT_TEAM = PK25G5QCH4;
				INFOPLIST_FILE = TaskUITests/Info.plist;
				LD_RUNPATH_SEARCH_PATHS = "$(inherited) @executable_path/Frameworks @loader_path/Frameworks";
				PRODUCT_BUNDLE_IDENTIFIER = "li-com.flamegrace@hotmail.com.flamegrace.TaskUITests";
				PRODUCT_NAME = "$(TARGET_NAME)";
				TEST_TARGET_NAME = Task;
			};
			name = Release;
		};
/* End XCBuildConfiguration section */

/* Begin XCConfigurationList section */
		86AF78231EFA660C00851BCA /* Build configuration list for PBXProject "Task" */ = {
			isa = XCConfigurationList;
			buildConfigurations = (
				86AF78531EFA660D00851BCA /* Debug */,
				86AF78541EFA660D00851BCA /* Release */,
			);
			defaultConfigurationIsVisible = 0;
			defaultConfigurationName = Release;
		};
		86AF78551EFA660D00851BCA /* Build configuration list for PBXNativeTarget "Task" */ = {
			isa = XCConfigurationList;
			buildConfigurations = (
				86AF78561EFA660D00851BCA /* Debug */,
				86AF78571EFA660D00851BCA /* Release */,
			);
			defaultConfigurationIsVisible = 0;
			defaultConfigurationName = Release;
		};
		86AF78581EFA660D00851BCA /* Build configuration list for PBXNativeTarget "TaskTests" */ = {
			isa = XCConfigurationList;
			buildConfigurations = (
				86AF78591EFA660D00851BCA /* Debug */,
				86AF785A1EFA660D00851BCA /* Release */,
			);
			defaultConfigurationIsVisible = 0;
			defaultConfigurationName = Release;
		};
		86AF785B1EFA660D00851BCA /* Build configuration list for PBXNativeTarget "TaskUITests" */ = {
			isa = XCConfigurationList;
			buildConfigurations = (
				86AF785C1EFA660D00851BCA /* Debug */,
				86AF785D1EFA660D00851BCA /* Release */,
			);
			defaultConfigurationIsVisible = 0;
			defaultConfigurationName = Release;
		};
/* End XCConfigurationList section */
	};
	rootObject = 86AF78201EFA660C00851BCA /* Project object */;
}
